# THIS IS AN AUTOGENERATED FILE. DO NOT EDIT THIS FILE DIRECTLY.
# yarn lockfile v1


"@types/csv-parse@^1.1.11":
  version "1.1.11"
  resolved "https://registry.yarnpkg.com/@types/csv-parse/-/csv-parse-1.1.11.tgz#47d68b5579e66aa0d55af9dbae76f1d2ff836f1d"
  dependencies:
    "@types/node" "*"

"@types/node@*":
  version "10.5.2"
  resolved "https://registry.yarnpkg.com/@types/node/-/node-10.5.2.tgz#f19f05314d5421fe37e74153254201a7bf00a707"

csv-parse@^2.5.0:
  version "2.5.0"
  resolved "https://registry.yarnpkg.com/csv-parse/-/csv-parse-2.5.0.tgz#65748997ecc3719c594622db1b9ea0e2eb7d56bb"

typescript@^2.9.2:
  version "2.9.2"
  resolved "https://registry.yarnpkg.com/typescript/-/typescript-2.9.2.tgz#1cbf61d05d6b96269244eb6a3bce4bd914e0f00c"
